// !$*UTF8*$!
{
	archiveVersion = 1;
	classes = {
	};
	objectVersion = 50;
	objects = {

/* Begin PBXBuildFile section */
		DFF412B225549643003D59DC /* AppDelegate.swift in Sources */ = {isa = PBXBuildFile; fileRef = DFF412B125549643003D59DC /* AppDelegate.swift */; };
		DFF412B425549643003D59DC /* SceneDelegate.swift in Sources */ = {isa = PBXBuildFile; fileRef = DFF412B325549643003D59DC /* SceneDelegate.swift */; };
		DFF412B625549643003D59DC /* ViewController.swift in Sources */ = {isa = PBXBuildFile; fileRef = DFF412B525549643003D59DC /* ViewController.swift */; };
		DFF412B925549643003D59DC /* Main.storyboard in Resources */ = {isa = PBXBuildFile; fileRef = DFF412B725549643003D59DC /* Main.storyboard */; };
		DFF412BB25549645003D59DC /* Assets.xcassets in Resources */ = {isa = PBXBuildFile; fileRef = DFF412BA25549645003D59DC /* Assets.xcassets */; };
		DFF412BE25549645003D59DC /* LaunchScreen.storyboard in Resources */ = {isa = PBXBuildFile; fileRef = DFF412BC25549645003D59DC /* LaunchScreen.storyboard */; };
		DFF412C625549837003D59DC /* Contacts.swift in Sources */ = {isa = PBXBuildFile; fileRef = DFF412C525549837003D59DC /* Contacts.swift */; };
/* End PBXBuildFile section */

/* Begin PBXFileReference section */
		DFF412AE25549643003D59DC /* ContactsAppChallenge.app */ = {isa = PBXFileReference; explicitFileType = wrapper.application; includeInIndex = 0; path = ContactsAppChallenge.app; sourceTree = BUILT_PRODUCTS_DIR; };
		DFF412B125549643003D59DC /* AppDelegate.swift */ = {isa = PBXFileReference; lastKnownFileType = sourcecode.swift; path = AppDelegate.swift; sourceTree = "<group>"; };
		DFF412B325549643003D59DC /* SceneDelegate.swift */ = {isa = PBXFileReference; lastKnownFileType = sourcecode.swift; path = SceneDelegate.swift; sourceTree = "<group>"; };
		DFF412B525549643003D59DC /* ViewController.swift */ = {isa = PBXFileReference; lastKnownFileType = sourcecode.swift; path = ViewController.swift; sourceTree = "<group>"; };
		DFF412B825549643003D59DC /* Base */ = {isa = PBXFileReference; lastKnownFileType = file.storyboard; name = Base; path = Base.lproj/Main.storyboard; sourceTree = "<group>"; };
		DFF412BA25549645003D59DC /* Assets.xcassets */ = {isa = PBXFileReference; lastKnownFileType = folder.assetcatalog; path = Assets.xcassets; sourceTree = "<group>"; };
		DFF412BD25549645003D59DC /* Base */ = {isa = PBXFileReference; lastKnownFileType = file.storyboard; name = Base; path = Base.lproj/LaunchScreen.storyboard; sourceTree = "<group>"; };
		DFF412BF25549645003D59DC /* Info.plist */ = {isa = PBXFileReference; lastKnownFileType = text.plist.xml; path = Info.plist; sourceTree = "<group>"; };
		DFF412C525549837003D59DC /* Contacts.swift */ = {isa = PBXFileReference; lastKnownFileType = sourcecode.swift; path = Contacts.swift; sourceTree = "<group>"; };
/* End PBXFileReference section */

/* Begin PBXFrameworksBuildPhase section */
		DFF412AB25549643003D59DC /* Frameworks */ = {
			isa = PBXFrameworksBuildPhase;
			buildActionMask = 2147483647;
			files = (
			);
			runOnlyForDeploymentPostprocessing = 0;
		};
/* End PBXFrameworksBuildPhase section */

/* Begin PBXGroup section */
		DFF412A525549643003D59DC = {
			isa = PBXGroup;
			children = (
				DFF412B025549643003D59DC /* ContactsAppChallenge */,
				DFF412AF25549643003D59DC /* Products */,
			);
			sourceTree = "<group>";
		};
		DFF412AF25549643003D59DC /* Products */ = {
			isa = PBXGroup;
			children = (
				DFF412AE25549643003D59DC /* ContactsAppChallenge.app */,
			);
			name = Products;
			sourceTree = "<group>";
		};
		DFF412B025549643003D59DC /* ContactsAppChallenge */ = {
			isa = PBXGroup;
			children = (
				DFF412B125549643003D59DC /* AppDelegate.swift */,
				DFF412B325549643003D59DC /* SceneDelegate.swift */,
				DFF412B525549643003D59DC /* ViewController.swift */,
				DFF412C525549837003D59DC /* Contacts.swift */,
				DFF412B725549643003D59DC /* Main.storyboard */,
				DFF412BA25549645003D59DC /* Assets.xcassets */,
				DFF412BC25549645003D59DC /* LaunchScreen.storyboard */,
				DFF412BF25549645003D59DC /* Info.plist */,
			);
			path = ContactsAppChallenge;
			sourceTree = "<group>";
		};
/* End PBXGroup section */

/* Begin PBXNativeTarget section */
		DFF412AD25549643003D59DC /* ContactsAppChallenge */ = {
			isa = PBXNativeTarget;
			buildConfigurationList = DFF412C225549645003D59DC /* Build configuration list for PBXNativeTarget "ContactsAppChallenge" */;
			buildPhases = (
				DFF412AA25549643003D59DC /* Sources */,
				DFF412AB25549643003D59DC /* Frameworks */,
				DFF412AC25549643003D59DC /* Resources */,
			);
			buildRules = (
			);
			dependencies = (
			);
			name = ContactsAppChallenge;
			productName = ContactsAppChallenge;
			productReference = DFF412AE25549643003D59DC /* ContactsAppChallenge.app */;
			productType = "com.apple.product-type.application";
		};
/* End PBXNativeTarget section */

/* Begin PBXProject section */
		DFF412A625549643003D59DC /* Project object */ = {
			isa = PBXProject;
			attributes = {
				LastSwiftUpdateCheck = 1170;
				LastUpgradeCheck = 1170;
				ORGANIZATIONNAME = ericSwidjaja;
				TargetAttributes = {
					DFF412AD25549643003D59DC = {
						CreatedOnToolsVersion = 11.7;
					};
				};
			};
			buildConfigurationList = DFF412A925549643003D59DC /* Build configuration list for PBXProject "ContactsAppChallenge" */;
			compatibilityVersion = "Xcode 9.3";
			developmentRegion = en;
			hasScannedForEncodings = 0;
			knownRegions = (
				en,
				Base,
			);
			mainGroup = DFF412A525549643003D59DC;
			productRefGroup = DFF412AF25549643003D59DC /* Products */;
			projectDirPath = "";
			projectRoot = "";
			targets = (
				DFF412AD25549643003D59DC /* ContactsAppChallenge */,
			);
		};
/* End PBXProject section */

/* Begin PBXResourcesBuildPhase section */
		DFF412AC25549643003D59DC /* Resources */ = {
			isa = PBXResourcesBuildPhase;
			buildActionMask = 2147483647;
			files = (
				DFF412BE25549645003D59DC /* LaunchScreen.storyboard in Resources */,
				DFF412BB25549645003D59DC /* Assets.xcassets in Resources */,
				DFF412B925549643003D59DC /* Main.storyboard in Resources */,
			);
			runOnlyForDeploymentPostprocessing = 0;
		};
/* End PBXResourcesBuildPhase section */

/* Begin PBXSourcesBuildPhase section */
		DFF412AA25549643003D59DC /* Sources */ = {
			isa = PBXSourcesBuildPhase;
			buildActionMask = 2147483647;
			files = (
				DFF412C625549837003D59DC /* Contacts.swift in Sources */,
				DFF412B625549643003D59DC /* ViewController.swift in Sources */,
				DFF412B225549643003D59DC /* AppDelegate.swift in Sources */,
				DFF412B425549643003D59DC /* SceneDelegate.swift in Sources */,
			);
			runOnlyForDeploymentPostprocessing = 0;
		};
/* End PBXSourcesBuildPhase section */

/* Begin PBXVariantGroup section */
		DFF412B725549643003D59DC /* Main.storyboard */ = {
			isa = PBXVariantGroup;
			children = (
				DFF412B825549643003D59DC /* Base */,
			);
			name = Main.storyboard;
			sourceTree = "<group>";
		};
		DFF412BC25549645003D59DC /* LaunchScreen.storyboard */ = {
			isa = PBXVariantGroup;
			children = (
				DFF412BD25549645003D59DC /* Base */,
			);
			name = LaunchScreen.storyboard;
			sourceTree = "<group>";
		};
/* End PBXVariantGroup section */

/* Begin XCBuildConfiguration section */
		DFF412C025549645003D59DC /* Debug */ = {
			isa = XCBuildConfiguration;
			buildSettings = {
				ALWAYS_SEARCH_USER_PATHS = NO;
				CLANG_ANALYZER_NONNULL = YES;
				CLANG_ANALYZER_NUMBER_OBJECT_CONVERSION = YES_AGGRESSIVE;
				CLANG_CXX_LANGUAGE_STANDARD = "gnu++14";
				CLANG_CXX_LIBRARY = "libc++";
				CLANG_ENABLE_MODULES = YES;
				CLANG_ENABLE_OBJC_ARC = YES;
				CLANG_ENABLE_OBJC_WEAK = YES;
				CLANG_WARN_BLOCK_CAPTURE_AUTORELEASING = YES;
				CLANG_WARN_BOOL_CONVERSION = YES;
				CLANG_WARN_COMMA = YES;
				CLANG_WARN_CONSTANT_CONVERSION = YES;
				CLANG_WARN_DEPRECATED_OBJC_IMPLEMENTATIONS = YES;
				CLANG_WARN_DIRECT_OBJC_ISA_USAGE = YES_ERROR;
				CLANG_WARN_DOCUMENTATION_COMMENTS = YES;
				CLANG_WARN_EMPTY_BODY = YES;
				CLANG_WARN_ENUM_CONVERSION = YES;
				CLANG_WARN_INFINITE_RECURSION = YES;
				CLANG_WARN_INT_CONVERSION = YES;
				CLANG_WARN_NON_LITERAL_NULL_CONVERSION = YES;
				CLANG_WARN_OBJC_IMPLICIT_RETAIN_SELF = YES;
				CLANG_WARN_OBJC_LITERAL_CONVERSION = YES;
				CLANG_WARN_OBJC_ROOT_CLASS = YES_ERROR;
				CLANG_WARN_RANGE_LOOP_ANALYSIS = YES;
				CLANG_WARN_STRICT_PROTOTYPES = YES;
				CLANG_WARN_SUSPICIOUS_MOVE = YES;
				CLANG_WARN_UNGUARDED_AVAILABILITY = YES_AGGRESSIVE;
				CLANG_WARN_UNREACHABLE_CODE = YES;
				CLANG_WARN__DUPLICATE_METHOD_MATCH = YES;
				COPY_PHASE_STRIP = NO;
				DEBUG_INFORMATION_FORMAT = dwarf;
				ENABLE_STRICT_OBJC_MSGSEND = YES;
				ENABLE_TESTABILITY = YES;
				GCC_C_LANGUAGE_STANDARD = gnu11;
				GCC_DYNAMIC_NO_PIC = NO;
				GCC_NO_COMMON_BLOCKS = YES;
				GCC_OPTIMIZATION_LEVEL = 0;
				GCC_PREPROCESSOR_DEFINITIONS = (
					"DEBUG=1",
					"$(inherited)",
				);
				GCC_WARN_64_TO_32_BIT_CONVERSION = YES;
				GCC_WARN_ABOUT_RETURN_TYPE = YES_ERROR;
				GCC_WARN_UNDECLARED_SELECTOR = YES;
				GCC_WARN_UNINITIALIZED_AUTOS = YES_AGGRESSIVE;
				GCC_WARN_UNUSED_FUNCTION = YES;
				GCC_WARN_UNUSED_VARIABLE = YES;
				IPHONEOS_DEPLOYMENT_TARGET = 13.7;
				MTL_ENABLE_DEBUG_INFO = INCLUDE_SOURCE;
				MTL_FAST_MATH = YES;
				ONLY_ACTIVE_ARCH = YES;
				SDKROOT = iphoneos;
				SWIFT_ACTIVE_COMPILATION_CONDITIONS = DEBUG;
				SWIFT_OPTIMIZATION_LEVEL = "-Onone";
			};
			name = Debug;
		};
		DFF412C125549645003D59DC /* Release */ = {
			isa = XCBuildConfiguration;
			buildSettings = {
				ALWAYS_SEARCH_USER_PATHS = NO;
				CLANG_ANALYZER_NONNULL = YES;
				CLANG_ANALYZER_NUMBER_OBJECT_CONVERSION = YES_AGGRESSIVE;
				CLANG_CXX_LANGUAGE_STANDARD = "gnu++14";
				CLANG_CXX_LIBRARY = "libc++";
				CLANG_ENABLE_MODULES = YES;
				CLANG_ENABLE_OBJC_ARC = YES;
				CLANG_ENABLE_OBJC_WEAK = YES;
				CLANG_WARN_BLOCK_CAPTURE_AUTORELEASING = YES;
				CLANG_WARN_BOOL_CONVERSION = YES;
				CLANG_WARN_COMMA = YES;
				CLANG_WARN_CONSTANT_CONVERSION = YES;
				CLANG_WARN_DEPRECATED_OBJC_IMPLEMENTATIONS = YES;
				CLANG_WARN_DIRECT_OBJC_ISA_USAGE = YES_ERROR;
				CLANG_WARN_DOCUMENTATION_COMMENTS = YES;
				CLANG_WARN_EMPTY_BODY = YES;
				CLANG_WARN_ENUM_CONVERSION = YES;
				CLANG_WARN_INFINITE_RECURSION = YES;
				CLANG_WARN_INT_CONVERSION = YES;
				CLANG_WARN_NON_LITERAL_NULL_CONVERSION = YES;
				CLANG_WARN_OBJC_IMPLICIT_RETAIN_SELF = YES;
				CLANG_WARN_OBJC_LITERAL_CONVERSION = YES;
				CLANG_WARN_OBJC_ROOT_CLASS = YES_ERROR;
				CLANG_WARN_RANGE_LOOP_ANALYSIS = YES;
				CLANG_WARN_STRICT_PROTOTYPES = YES;
				CLANG_WARN_SUSPICIOUS_MOVE = YES;
				CLANG_WARN_UNGUARDED_AVAILABILITY = YES_AGGRESSIVE;
				CLANG_WARN_UNREACHABLE_CODE = YES;
				CLANG_WARN__DUPLICATE_METHOD_MATCH = YES;
				COPY_PHASE_STRIP = NO;
				DEBUG_INFORMATION_FORMAT = "dwarf-with-dsym";
				ENABLE_NS_ASSERTIONS = NO;
				ENABLE_STRICT_OBJC_MSGSEND = YES;
				GCC_C_LANGUAGE_STANDARD = gnu11;
				GCC_NO_COMMON_BLOCKS = YES;
				GCC_WARN_64_TO_32_BIT_CONVERSION = YES;
				GCC_WARN_ABOUT_RETURN_TYPE = YES_ERROR;
				GCC_WARN_UNDECLARED_SELECTOR = YES;
				GCC_WARN_UNINITIALIZED_AUTOS = YES_AGGRESSIVE;
				GCC_WARN_UNUSED_FUNCTION = YES;
				GCC_WARN_UNUSED_VARIABLE = YES;
				IPHONEOS_DEPLOYMENT_TARGET = 13.7;
				MTL_ENABLE_DEBUG_INFO = NO;
				MTL_FAST_MATH = YES;
				SDKROOT = iphoneos;
				SWIFT_COMPILATION_MODE = wholemodule;
				SWIFT_OPTIMIZATION_LEVEL = "-O";
				VALIDATE_PRODUCT = YES;
			};
			name = Release;
		};
		DFF412C325549645003D59DC /* Debug */ = {
			isa = XCBuildConfiguration;
			buildSettings = {
				ASSETCATALOG_COMPILER_APPICON_NAME = AppIcon;
				CODE_SIGN_STYLE = Automatic;
				DEVELOPMENT_TEAM = UZAZ4GBUSA;
				INFOPLIST_FILE = ContactsAppChallenge/Info.plist;
				LD_RUNPATH_SEARCH_PATHS = (
					"$(inherited)",
					"@executable_path/Frameworks",
				);
				PRODUCT_BUNDLE_IDENTIFIER = com.ericSwidjaja.ContactsAppChallenge;
				PRODUCT_NAME = "$(TARGET_NAME)";
				SWIFT_VERSION = 5.0;
				TARGETED_DEVICE_FAMILY = "1,2";
			};
			name = Debug;
		};
		DFF412C425549645003D59DC /* Release */ = {
			isa = XCBuildConfiguration;
			buildSettings = {
				ASSETCATALOG_COMPILER_APPICON_NAME = AppIcon;
				CODE_SIGN_STYLE = Automatic;
				DEVELOPMENT_TEAM = UZAZ4GBUSA;
				INFOPLIST_FILE = ContactsAppChallenge/Info.plist;
				LD_RUNPATH_SEARCH_PATHS = (
					"$(inherited)",
					"@executable_path/Frameworks",
				);
				PRODUCT_BUNDLE_IDENTIFIER = com.ericSwidjaja.ContactsAppChallenge;
				PRODUCT_NAME = "$(TARGET_NAME)";
				SWIFT_VERSION = 5.0;
				TARGETED_DEVICE_FAMILY = "1,2";
			};
			name = Release;
		};
/* End XCBuildConfiguration section */

/* Begin XCConfigurationList section */
		DFF412A925549643003D59DC /* Build configuration list for PBXProject "ContactsAppChallenge" */ = {
			isa = XCConfigurationList;
			buildConfigurations = (
				DFF412C025549645003D59DC /* Debug */,
				DFF412C125549645003D59DC /* Release */,
			);
			defaultConfigurationIsVisible = 0;
			defaultConfigurationName = Release;
		};
		DFF412C225549645003D59DC /* Build configuration list for PBXNativeTarget "ContactsAppChallenge" */ = {
			isa = XCConfigurationList;
			buildConfigurations = (
				DFF412C325549645003D59DC /* Debug */,
				DFF412C425549645003D59DC /* Release */,
			);
			defaultConfigurationIsVisible = 0;
			defaultConfigurationName = Release;
		};
/* End XCConfigurationList section */
	};
	rootObject = DFF412A625549643003D59DC /* Project object */;
}
